
Microsoft Visual Studio Solution File, Format Version 12.00
# Visual Studio Version 16
VisualStudioVersion = 16.0.32228.343
MinimumVisualStudioVersion = 10.0.40219.1
Project("{8BC9CEB8-8B4A-11D0-8D11-00A0C91BC942}") = "claa03", "claa03.vcxproj", "{B977F25C-C29A-43AA-B33E-27C635E9B519}"
EndProject
Global
	GlobalSection(SolutionConfigurationPlatforms) = preSolution
		Debug|x64 = Debug|x64
		Debug|x86 = Debug|x86
		Release|x64 = Release|x64
		Release|x86 = Release|x86
	EndGlobalSection
	GlobalSection(ProjectConfigurationPlatforms) = postSolution
		{B977F25C-C29A-43AA-B33E-27C635E9B519}.Debug|x64.ActiveCfg = Debug|x64
		{B977F25C-C29A-43AA-B33E-27C635E9B519}.Debug|x64.Build.0 = Debug|x64
		{B977F25C-C29A-43AA-B33E-27C635E9B519}.Debug|x86.ActiveCfg = Debug|Win32
		{B977F25C-C29A-43AA-B33E-27C635E9B519}.Debug|x86.Build.0 = Debug|Win32
		{B977F25C-C29A-43AA-B33E-27C635E9B519}.Release|x64.ActiveCfg = Release|x64
		{B977F25C-C29A-43AA-B33E-27C635E9B519}.Release|x64.Build.0 = Release|x64
		{B977F25C-C29A-43AA-B33E-27C635E9B519}.Release|x86.ActiveCfg = Release|Win32
		{B977F25C-C29A-43AA-B33E-27C635E9B519}.Release|x86.Build.0 = Release|Win32
	EndGlobalSection
	GlobalSection(SolutionProperties) = preSolution
		HideSolutionNode = FALSE
	EndGlobalSection
	GlobalSection(ExtensibilityGlobals) = postSolution
		SolutionGuid = {93D9FF22-8751-4674-96CC-3D17C14C6955}
	EndGlobalSection
EndGlobal
